
Microsoft Visual Studio Solution File, Format Version 12.00
# Visual Studio Version 16
VisualStudioVersion = 16.0.32002.261
MinimumVisualStudioVersion = 10.0.40219.1
Project("{8BC9CEB8-8B4A-11D0-8D11-00A0C91BC942}") = "Build-A-Font", "Build-A-Font\Build-A-Font.vcxproj", "{B5638818-5B7D-4E61-A24B-150661CCF66C}"
EndProject
Global
	GlobalSection(SolutionConfigurationPlatforms) = preSolution
		Debug|x64 = Debug|x64
		Debug|x86 = Debug|x86
		Release|x64 = Release|x64
		Release|x86 = Release|x86
	EndGlobalSection
	GlobalSection(ProjectConfigurationPlatforms) = postSolution
		{B5638818-5B7D-4E61-A24B-150661CCF66C}.Debug|x64.ActiveCfg = Debug|x64
		{B5638818-5B7D-4E61-A24B-150661CCF66C}.Debug|x64.Build.0 = Debug|x64
		{B5638818-5B7D-4E61-A24B-150661CCF66C}.Debug|x86.ActiveCfg = Debug|Win32
		{B5638818-5B7D-4E61-A24B-150661CCF66C}.Debug|x86.Build.0 = Debug|Win32
		{B5638818-5B7D-4E61-A24B-150661CCF66C}.Release|x64.ActiveCfg = Release|x64
		{B5638818-5B7D-4E61-A24B-150661CCF66C}.Release|x64.Build.0 = Release|x64
		{B5638818-5B7D-4E61-A24B-150661CCF66C}.Release|x86.ActiveCfg = Release|Win32
		{B5638818-5B7D-4E61-A24B-150661CCF66C}.Release|x86.Build.0 = Release|Win32
	EndGlobalSection
	GlobalSection(SolutionProperties) = preSolution
		HideSolutionNode = FALSE
	EndGlobalSection
	GlobalSection(ExtensibilityGlobals) = postSolution
		SolutionGuid = {95BD7F27-58AC-4F07-85AD-A8159C61D69E}
	EndGlobalSection
EndGlobal
