<?xml version="1.0" encoding="utf-8"?>
<Project ToolsVersion="4.0" xmlns="http://schemas.microsoft.com/developer/msbuild/2003">
  <ItemGroup>
    <Filter Include="Source Files">
      <UniqueIdentifier>{4FC737F1-C7A5-4376-A066-2A32D752A2FF}</UniqueIdentifier>
      <Extensions>cpp;c;cc;cxx;c++;cppm;ixx;def;odl;idl;hpj;bat;asm;asmx</Extensions>
    </Filter>
    <Filter Include="Header Files">
      <UniqueIdentifier>{93995380-89BD-4b04-88EB-625FBE52EBFB}</UniqueIdentifier>
      <Extensions>h;hh;hpp;hxx;h++;hm;inl;inc;ipp;xsd</Extensions>
    </Filter>
    <Filter Include="Resource Files">
      <UniqueIdentifier>{67DA6AB6-F800-4c08-8B7A-83BB121AAD01}</UniqueIdentifier>
      <Extensions>rc;ico;cur;bmp;dlg;rc2;rct;bin;rgs;gif;jpg;jpeg;jpe;resx;tiff;tif;png;wav;mfcribbon-ms</Extensions>
    </Filter>
    <Filter Include="Pages">
      <UniqueIdentifier>{674315c0-0340-4d98-9363-f913ebae9a45}</UniqueIdentifier>
    </Filter>
    <Filter Include="Pages\Header Files">
      <UniqueIdentifier>{8de4a278-05e0-4bb5-b40d-30d983d5442c}</UniqueIdentifier>
    </Filter>
    <Filter Include="Pages\Source Files">
      <UniqueIdentifier>{570430e6-6fc9-42d7-a4cd-b6f5d075acd3}</UniqueIdentifier>
    </Filter>
    <Filter Include="UI Elements">
      <UniqueIdentifier>{ef3f4aa6-d8d8-4180-b4cf-0e1010513bdf}</UniqueIdentifier>
    </Filter>
    <Filter Include="UI Elements\Header Files">
      <UniqueIdentifier>{fddec6bb-41f3-4b13-ac21-661124fb743c}</UniqueIdentifier>
    </Filter>
    <Filter Include="UI Elements\Source Files">
      <UniqueIdentifier>{71f66a11-215d-4620-ac19-fa177cc2af2a}</UniqueIdentifier>
    </Filter>
  </ItemGroup>
  <ItemGroup>
    <ClCompile Include="Source.cpp">
      <Filter>Source Files</Filter>
    </ClCompile>
    <ClCompile Include="Brush.cpp">
      <Filter>Source Files</Filter>
    </ClCompile>
    <ClCompile Include="CharacterSet.cpp">
      <Filter>Source Files</Filter>
    </ClCompile>
    <ClCompile Include="Program.cpp">
      <Filter>Source Files</Filter>
    </ClCompile>
    <ClCompile Include="Screen.cpp">
      <Filter>Source Files</Filter>
    </ClCompile>
    <ClCompile Include="UIElement.cpp">
      <Filter>Source Files</Filter>
    </ClCompile>
    <ClCompile Include="CharsDrawingPage.cpp">
      <Filter>Pages\Source Files</Filter>
    </ClCompile>
    <ClCompile Include="StartPage.cpp">
      <Filter>Pages\Source Files</Filter>
    </ClCompile>
    <ClCompile Include="Character.cpp">
      <Filter>UI Elements\Source Files</Filter>
    </ClCompile>
    <ClCompile Include="DrawingBoard.cpp">
      <Filter>Source Files</Filter>
    </ClCompile>
    <ClCompile Include="UserBoard.cpp">
      <Filter>UI Elements\Source Files</Filter>
    </ClCompile>
    <ClCompile Include="TextBox.cpp">
      <Filter>Source Files</Filter>
    </ClCompile>
  </ItemGroup>
  <ItemGroup>
    <ClInclude Include="Brush.h">
      <Filter>Header Files</Filter>
    </ClInclude>
    <ClInclude Include="CharacterSet.h">
      <Filter>Header Files</Filter>
    </ClInclude>
    <ClInclude Include="Constants.h">
      <Filter>Header Files</Filter>
    </ClInclude>
    <ClInclude Include="Program.h">
      <Filter>Header Files</Filter>
    </ClInclude>
    <ClInclude Include="Screen.h">
      <Filter>Header Files</Filter>
    </ClInclude>
    <ClInclude Include="UIElement.h">
      <Filter>Header Files</Filter>
    </ClInclude>
    <ClInclude Include="CharsDrawingPage.h">
      <Filter>Pages\Header Files</Filter>
    </ClInclude>
    <ClInclude Include="StartPage.h">
      <Filter>Pages\Header Files</Filter>
    </ClInclude>
    <ClInclude Include="Button.h">
      <Filter>UI Elements\Header Files</Filter>
    </ClInclude>
    <ClInclude Include="Character.h">
      <Filter>UI Elements\Header Files</Filter>
    </ClInclude>
    <ClInclude Include="DrawingBoard.h">
      <Filter>Header Files</Filter>
    </ClInclude>
    <ClInclude Include="UserBoard.h">
      <Filter>UI Elements\Header Files</Filter>
    </ClInclude>
    <ClInclude Include="TextBox.h">
      <Filter>Header Files</Filter>
    </ClInclude>
  </ItemGroup>
  <ItemGroup>
    <None Include="..\x64\Debug\python.py">
      <Filter>Resource Files</Filter>
    </None>
  </ItemGroup>
</Project>